// !$*UTF8*$!
{
	archiveVersion = 1;
	classes = {
	};
	objectVersion = 50;
	objects = {

/* Begin PBXBuildFile section */
		4600E565231C6F770012553D /* AppDelegate.swift in Sources */ = {isa = PBXBuildFile; fileRef = 4600E564231C6F770012553D /* AppDelegate.swift */; };
		4600E56A231C6F770012553D /* Main.storyboard in Resources */ = {isa = PBXBuildFile; fileRef = 4600E568231C6F770012553D /* Main.storyboard */; };
		4600E56F231C6F790012553D /* LaunchScreen.storyboard in Resources */ = {isa = PBXBuildFile; fileRef = 4600E56D231C6F790012553D /* LaunchScreen.storyboard */; };
		4600E577231C70500012553D /* MainViewController.swift in Sources */ = {isa = PBXBuildFile; fileRef = 4600E576231C70500012553D /* MainViewController.swift */; };
		460E5801231C783E00BFE562 /* WebView.swift in Sources */ = {isa = PBXBuildFile; fileRef = 460E5800231C783E00BFE562 /* WebView.swift */; };
		46BD4E0E231CA641006440AB /* Assets.xcassets in Resources */ = {isa = PBXBuildFile; fileRef = 46BD4E0D231CA641006440AB /* Assets.xcassets */; };
		46BD4E13231CA6C8006440AB /* ShiftableViewController.swift in Sources */ = {isa = PBXBuildFile; fileRef = 46BD4E12231CA6C8006440AB /* ShiftableViewController.swift */; };
		46BD4E15231CAC16006440AB /* LinearProgressView.swift in Sources */ = {isa = PBXBuildFile; fileRef = 46BD4E14231CAC16006440AB /* LinearProgressView.swift */; };
/* End PBXBuildFile section */

/* Begin PBXFileReference section */
		4600E561231C6F760012553D /* Split.app */ = {isa = PBXFileReference; explicitFileType = wrapper.application; includeInIndex = 0; path = Split.app; sourceTree = BUILT_PRODUCTS_DIR; };
		4600E564231C6F770012553D /* AppDelegate.swift */ = {isa = PBXFileReference; lastKnownFileType = sourcecode.swift; path = AppDelegate.swift; sourceTree = "<group>"; };
		4600E569231C6F770012553D /* Base */ = {isa = PBXFileReference; lastKnownFileType = file.storyboard; name = Base; path = Base.lproj/Main.storyboard; sourceTree = "<group>"; };
		4600E56E231C6F790012553D /* Base */ = {isa = PBXFileReference; lastKnownFileType = file.storyboard; name = Base; path = Base.lproj/LaunchScreen.storyboard; sourceTree = "<group>"; };
		4600E570231C6F790012553D /* Info.plist */ = {isa = PBXFileReference; lastKnownFileType = text.plist.xml; path = Info.plist; sourceTree = "<group>"; };
		4600E576231C70500012553D /* MainViewController.swift */ = {isa = PBXFileReference; lastKnownFileType = sourcecode.swift; path = MainViewController.swift; sourceTree = "<group>"; };
		460E5800231C783E00BFE562 /* WebView.swift */ = {isa = PBXFileReference; lastKnownFileType = sourcecode.swift; path = WebView.swift; sourceTree = "<group>"; };
		46BD4E0D231CA641006440AB /* Assets.xcassets */ = {isa = PBXFileReference; lastKnownFileType = folder.assetcatalog; path = Assets.xcassets; sourceTree = "<group>"; };
		46BD4E12231CA6C8006440AB /* ShiftableViewController.swift */ = {isa = PBXFileReference; lastKnownFileType = sourcecode.swift; path = ShiftableViewController.swift; sourceTree = "<group>"; };
		46BD4E14231CAC16006440AB /* LinearProgressView.swift */ = {isa = PBXFileReference; lastKnownFileType = sourcecode.swift; path = LinearProgressView.swift; sourceTree = "<group>"; };
/* End PBXFileReference section */

/* Begin PBXFrameworksBuildPhase section */
		4600E55E231C6F760012553D /* Frameworks */ = {
			isa = PBXFrameworksBuildPhase;
			buildActionMask = 2147483647;
			files = (
			);
			runOnlyForDeploymentPostprocessing = 0;
		};
/* End PBXFrameworksBuildPhase section */

/* Begin PBXGroup section */
		4600E558231C6F760012553D = {
			isa = PBXGroup;
			children = (
				4600E563231C6F760012553D /* Split */,
				4600E562231C6F760012553D /* Products */,
			);
			sourceTree = "<group>";
		};
		4600E562231C6F760012553D /* Products */ = {
			isa = PBXGroup;
			children = (
				4600E561231C6F760012553D /* Split.app */,
			);
			name = Products;
			sourceTree = "<group>";
		};
		4600E563231C6F760012553D /* Split */ = {
			isa = PBXGroup;
			children = (
				46BD4E0F231CA656006440AB /* View Controllers */,
				46BD4E10231CA65B006440AB /* Views */,
				46BD4E11231CA661006440AB /* Storyboards */,
				460E5804231CA62400BFE562 /* Resources */,
			);
			path = Split;
			sourceTree = "<group>";
		};
		460E5804231CA62400BFE562 /* Resources */ = {
			isa = PBXGroup;
			children = (
				46BD4E0D231CA641006440AB /* Assets.xcassets */,
				4600E564231C6F770012553D /* AppDelegate.swift */,
				4600E56D231C6F790012553D /* LaunchScreen.storyboard */,
				4600E570231C6F790012553D /* Info.plist */,
			);
			path = Resources;
			sourceTree = "<group>";
		};
		46BD4E0F231CA656006440AB /* View Controllers */ = {
			isa = PBXGroup;
			children = (
				4600E576231C70500012553D /* MainViewController.swift */,
				46BD4E12231CA6C8006440AB /* ShiftableViewController.swift */,
			);
			path = "View Controllers";
			sourceTree = "<group>";
		};
		46BD4E10231CA65B006440AB /* Views */ = {
			isa = PBXGroup;
			children = (
				46BD4E14231CAC16006440AB /* LinearProgressView.swift */,
				460E5800231C783E00BFE562 /* WebView.swift */,
			);
			path = Views;
			sourceTree = "<group>";
		};
		46BD4E11231CA661006440AB /* Storyboards */ = {
			isa = PBXGroup;
			children = (
				4600E568231C6F770012553D /* Main.storyboard */,
			);
			path = Storyboards;
			sourceTree = "<group>";
		};
/* End PBXGroup section */

/* Begin PBXNativeTarget section */
		4600E560231C6F760012553D /* Split */ = {
			isa = PBXNativeTarget;
			buildConfigurationList = 4600E573231C6F790012553D /* Build configuration list for PBXNativeTarget "Split" */;
			buildPhases = (
				4600E55D231C6F760012553D /* Sources */,
				4600E55E231C6F760012553D /* Frameworks */,
				4600E55F231C6F760012553D /* Resources */,
			);
			buildRules = (
			);
			dependencies = (
			);
			name = Split;
			productName = Split;
			productReference = 4600E561231C6F760012553D /* Split.app */;
			productType = "com.apple.product-type.application";
		};
/* End PBXNativeTarget section */

/* Begin PBXProject section */
		4600E559231C6F760012553D /* Project object */ = {
			isa = PBXProject;
			attributes = {
				LastSwiftUpdateCheck = 1030;
				LastUpgradeCheck = 1030;
				ORGANIZATIONNAME = "Lambda School";
				TargetAttributes = {
					4600E560231C6F760012553D = {
						CreatedOnToolsVersion = 10.3;
					};
				};
			};
			buildConfigurationList = 4600E55C231C6F760012553D /* Build configuration list for PBXProject "Split" */;
			compatibilityVersion = "Xcode 9.3";
			developmentRegion = en;
			hasScannedForEncodings = 0;
			knownRegions = (
				en,
				Base,
			);
			mainGroup = 4600E558231C6F760012553D;
			productRefGroup = 4600E562231C6F760012553D /* Products */;
			projectDirPath = "";
			projectRoot = "";
			targets = (
				4600E560231C6F760012553D /* Split */,
			);
		};
/* End PBXProject section */

/* Begin PBXResourcesBuildPhase section */
		4600E55F231C6F760012553D /* Resources */ = {
			isa = PBXResourcesBuildPhase;
			buildActionMask = 2147483647;
			files = (
				4600E56F231C6F790012553D /* LaunchScreen.storyboard in Resources */,
				46BD4E0E231CA641006440AB /* Assets.xcassets in Resources */,
				4600E56A231C6F770012553D /* Main.storyboard in Resources */,
			);
			runOnlyForDeploymentPostprocessing = 0;
		};
/* End PBXResourcesBuildPhase section */

/* Begin PBXSourcesBuildPhase section */
		4600E55D231C6F760012553D /* Sources */ = {
			isa = PBXSourcesBuildPhase;
			buildActionMask = 2147483647;
			files = (
				46BD4E15231CAC16006440AB /* LinearProgressView.swift in Sources */,
				4600E577231C70500012553D /* MainViewController.swift in Sources */,
				46BD4E13231CA6C8006440AB /* ShiftableViewController.swift in Sources */,
				460E5801231C783E00BFE562 /* WebView.swift in Sources */,
				4600E565231C6F770012553D /* AppDelegate.swift in Sources */,
			);
			runOnlyForDeploymentPostprocessing = 0;
		};
/* End PBXSourcesBuildPhase section */

/* Begin PBXVariantGroup section */
		4600E568231C6F770012553D /* Main.storyboard */ = {
			isa = PBXVariantGroup;
			children = (
				4600E569231C6F770012553D /* Base */,
			);
			name = Main.storyboard;
			sourceTree = "<group>";
		};
		4600E56D231C6F790012553D /* LaunchScreen.storyboard */ = {
			isa = PBXVariantGroup;
			children = (
				4600E56E231C6F790012553D /* Base */,
			);
			name = LaunchScreen.storyboard;
			path = ..;
			sourceTree = "<group>";
		};
/* End PBXVariantGroup section */

/* Begin XCBuildConfiguration section */
		4600E571231C6F790012553D /* Debug */ = {
			isa = XCBuildConfiguration;
			buildSettings = {
				ALWAYS_SEARCH_USER_PATHS = NO;
				CLANG_ANALYZER_NONNULL = YES;
				CLANG_ANALYZER_NUMBER_OBJECT_CONVERSION = YES_AGGRESSIVE;
				CLANG_CXX_LANGUAGE_STANDARD = "gnu++14";
				CLANG_CXX_LIBRARY = "libc++";
				CLANG_ENABLE_MODULES = YES;
				CLANG_ENABLE_OBJC_ARC = YES;
				CLANG_ENABLE_OBJC_WEAK = YES;
				CLANG_WARN_BLOCK_CAPTURE_AUTORELEASING = YES;
				CLANG_WARN_BOOL_CONVERSION = YES;
				CLANG_WARN_COMMA = YES;
				CLANG_WARN_CONSTANT_CONVERSION = YES;
				CLANG_WARN_DEPRECATED_OBJC_IMPLEMENTATIONS = YES;
				CLANG_WARN_DIRECT_OBJC_ISA_USAGE = YES_ERROR;
				CLANG_WARN_DOCUMENTATION_COMMENTS = YES;
				CLANG_WARN_EMPTY_BODY = YES;
				CLANG_WARN_ENUM_CONVERSION = YES;
				CLANG_WARN_INFINITE_RECURSION = YES;
				CLANG_WARN_INT_CONVERSION = YES;
				CLANG_WARN_NON_LITERAL_NULL_CONVERSION = YES;
				CLANG_WARN_OBJC_IMPLICIT_RETAIN_SELF = YES;
				CLANG_WARN_OBJC_LITERAL_CONVERSION = YES;
				CLANG_WARN_OBJC_ROOT_CLASS = YES_ERROR;
				CLANG_WARN_RANGE_LOOP_ANALYSIS = YES;
				CLANG_WARN_STRICT_PROTOTYPES = YES;
				CLANG_WARN_SUSPICIOUS_MOVE = YES;
				CLANG_WARN_UNGUARDED_AVAILABILITY = YES_AGGRESSIVE;
				CLANG_WARN_UNREACHABLE_CODE = YES;
				CLANG_WARN__DUPLICATE_METHOD_MATCH = YES;
				CODE_SIGN_IDENTITY = "iPhone Developer";
				COPY_PHASE_STRIP = NO;
				DEBUG_INFORMATION_FORMAT = dwarf;
				ENABLE_STRICT_OBJC_MSGSEND = YES;
				ENABLE_TESTABILITY = YES;
				GCC_C_LANGUAGE_STANDARD = gnu11;
				GCC_DYNAMIC_NO_PIC = NO;
				GCC_NO_COMMON_BLOCKS = YES;
				GCC_OPTIMIZATION_LEVEL = 0;
				GCC_PREPROCESSOR_DEFINITIONS = (
					"DEBUG=1",
					"$(inherited)",
				);
				GCC_WARN_64_TO_32_BIT_CONVERSION = YES;
				GCC_WARN_ABOUT_RETURN_TYPE = YES_ERROR;
				GCC_WARN_UNDECLARED_SELECTOR = YES;
				GCC_WARN_UNINITIALIZED_AUTOS = YES_AGGRESSIVE;
				GCC_WARN_UNUSED_FUNCTION = YES;
				GCC_WARN_UNUSED_VARIABLE = YES;
				IPHONEOS_DEPLOYMENT_TARGET = 12.4;
				MTL_ENABLE_DEBUG_INFO = INCLUDE_SOURCE;
				MTL_FAST_MATH = YES;
				ONLY_ACTIVE_ARCH = YES;
				SDKROOT = iphoneos;
				SWIFT_ACTIVE_COMPILATION_CONDITIONS = DEBUG;
				SWIFT_OPTIMIZATION_LEVEL = "-Onone";
			};
			name = Debug;
		};
		4600E572231C6F790012553D /* Release */ = {
			isa = XCBuildConfiguration;
			buildSettings = {
				ALWAYS_SEARCH_USER_PATHS = NO;
				CLANG_ANALYZER_NONNULL = YES;
				CLANG_ANALYZER_NUMBER_OBJECT_CONVERSION = YES_AGGRESSIVE;
				CLANG_CXX_LANGUAGE_STANDARD = "gnu++14";
				CLANG_CXX_LIBRARY = "libc++";
				CLANG_ENABLE_MODULES = YES;
				CLANG_ENABLE_OBJC_ARC = YES;
				CLANG_ENABLE_OBJC_WEAK = YES;
				CLANG_WARN_BLOCK_CAPTURE_AUTORELEASING = YES;
				CLANG_WARN_BOOL_CONVERSION = YES;
				CLANG_WARN_COMMA = YES;
				CLANG_WARN_CONSTANT_CONVERSION = YES;
				CLANG_WARN_DEPRECATED_OBJC_IMPLEMENTATIONS = YES;
				CLANG_WARN_DIRECT_OBJC_ISA_USAGE = YES_ERROR;
				CLANG_WARN_DOCUMENTATION_COMMENTS = YES;
				CLANG_WARN_EMPTY_BODY = YES;
				CLANG_WARN_ENUM_CONVERSION = YES;
				CLANG_WARN_INFINITE_RECURSION = YES;
				CLANG_WARN_INT_CONVERSION = YES;
				CLANG_WARN_NON_LITERAL_NULL_CONVERSION = YES;
				CLANG_WARN_OBJC_IMPLICIT_RETAIN_SELF = YES;
				CLANG_WARN_OBJC_LITERAL_CONVERSION = YES;
				CLANG_WARN_OBJC_ROOT_CLASS = YES_ERROR;
				CLANG_WARN_RANGE_LOOP_ANALYSIS = YES;
				CLANG_WARN_STRICT_PROTOTYPES = YES;
				CLANG_WARN_SUSPICIOUS_MOVE = YES;
				CLANG_WARN_UNGUARDED_AVAILABILITY = YES_AGGRESSIVE;
				CLANG_WARN_UNREACHABLE_CODE = YES;
				CLANG_WARN__DUPLICATE_METHOD_MATCH = YES;
				CODE_SIGN_IDENTITY = "iPhone Developer";
				COPY_PHASE_STRIP = NO;
				DEBUG_INFORMATION_FORMAT = "dwarf-with-dsym";
				ENABLE_NS_ASSERTIONS = NO;
				ENABLE_STRICT_OBJC_MSGSEND = YES;
				GCC_C_LANGUAGE_STANDARD = gnu11;
				GCC_NO_COMMON_BLOCKS = YES;
				GCC_WARN_64_TO_32_BIT_CONVERSION = YES;
				GCC_WARN_ABOUT_RETURN_TYPE = YES_ERROR;
				GCC_WARN_UNDECLARED_SELECTOR = YES;
				GCC_WARN_UNINITIALIZED_AUTOS = YES_AGGRESSIVE;
				GCC_WARN_UNUSED_FUNCTION = YES;
				GCC_WARN_UNUSED_VARIABLE = YES;
				IPHONEOS_DEPLOYMENT_TARGET = 12.4;
				MTL_ENABLE_DEBUG_INFO = NO;
				MTL_FAST_MATH = YES;
				SDKROOT = iphoneos;
				SWIFT_COMPILATION_MODE = wholemodule;
				SWIFT_OPTIMIZATION_LEVEL = "-O";
				VALIDATE_PRODUCT = YES;
			};
			name = Release;
		};
		4600E574231C6F790012553D /* Debug */ = {
			isa = XCBuildConfiguration;
			buildSettings = {
				ASSETCATALOG_COMPILER_APPICON_NAME = AppIcon;
				CODE_SIGN_IDENTITY = "iPhone Developer";
				CODE_SIGN_STYLE = Automatic;
				DEVELOPMENT_TEAM = W4BT774F98;
				INFOPLIST_FILE = "$(SRCROOT)/Split/Resources/Info.plist";
				LD_RUNPATH_SEARCH_PATHS = (
					"$(inherited)",
					"@executable_path/Frameworks",
				);
				PRODUCT_BUNDLE_IDENTIFIER = com.SpencerCurtis.Split;
				PRODUCT_NAME = "$(TARGET_NAME)";
				PROVISIONING_PROFILE_SPECIFIER = "";
				SWIFT_VERSION = 5.0;
				TARGETED_DEVICE_FAMILY = 1;
			};
			name = Debug;
		};
		4600E575231C6F790012553D /* Release */ = {
			isa = XCBuildConfiguration;
			buildSettings = {
				ASSETCATALOG_COMPILER_APPICON_NAME = AppIcon;
				CODE_SIGN_IDENTITY = "iPhone Developer";
				CODE_SIGN_STYLE = Automatic;
				DEVELOPMENT_TEAM = W4BT774F98;
				INFOPLIST_FILE = "$(SRCROOT)/Split/Resources/Info.plist";
				LD_RUNPATH_SEARCH_PATHS = (
					"$(inherited)",
					"@executable_path/Frameworks",
				);
				PRODUCT_BUNDLE_IDENTIFIER = com.SpencerCurtis.Split;
				PRODUCT_NAME = "$(TARGET_NAME)";
				PROVISIONING_PROFILE_SPECIFIER = "";
				SWIFT_VERSION = 5.0;
				TARGETED_DEVICE_FAMILY = 1;
			};
			name = Release;
		};
/* End XCBuildConfiguration section */

/* Begin XCConfigurationList section */
		4600E55C231C6F760012553D /* Build configuration list for PBXProject "Split" */ = {
			isa = XCConfigurationList;
			buildConfigurations = (
				4600E571231C6F790012553D /* Debug */,
				4600E572231C6F790012553D /* Release */,
			);
			defaultConfigurationIsVisible = 0;
			defaultConfigurationName = Release;
		};
		4600E573231C6F790012553D /* Build configuration list for PBXNativeTarget "Split" */ = {
			isa = XCConfigurationList;
			buildConfigurations = (
				4600E574231C6F790012553D /* Debug */,
				4600E575231C6F790012553D /* Release */,
			);
			defaultConfigurationIsVisible = 0;
			defaultConfigurationName = Release;
		};
/* End XCConfigurationList section */
	};
	rootObject = 4600E559231C6F760012553D /* Project object */;
}
